
Microsoft Visual Studio Solution File, Format Version 12.00
# Visual Studio Version 16
VisualStudioVersion = 16.0.31911.196
MinimumVisualStudioVersion = 10.0.40219.1
Project("{FAE04EC0-301F-11D3-BF4B-00C04F79EFBC}") = "Design.Patterns", "Design.Patterns\Design.Patterns.csproj", "{3703C00E-6D97-4537-932F-C064FAF9B2EC}"
EndProject
Global
	GlobalSection(SolutionConfigurationPlatforms) = preSolution
		Debug|Any CPU = Debug|Any CPU
		Release|Any CPU = Release|Any CPU
	EndGlobalSection
	GlobalSection(ProjectConfigurationPlatforms) = postSolution
		{3703C00E-6D97-4537-932F-C064FAF9B2EC}.Debug|Any CPU.ActiveCfg = Debug|Any CPU
		{3703C00E-6D97-4537-932F-C064FAF9B2EC}.Debug|Any CPU.Build.0 = Debug|Any CPU
		{3703C00E-6D97-4537-932F-C064FAF9B2EC}.Release|Any CPU.ActiveCfg = Release|Any CPU
		{3703C00E-6D97-4537-932F-C064FAF9B2EC}.Release|Any CPU.Build.0 = Release|Any CPU
	EndGlobalSection
	GlobalSection(SolutionProperties) = preSolution
		HideSolutionNode = FALSE
	EndGlobalSection
	GlobalSection(ExtensibilityGlobals) = postSolution
		SolutionGuid = {4E7F9AA9-8A7D-4B39-923D-64625E298A55}
	EndGlobalSection
EndGlobal
